
Microsoft Visual Studio Solution File, Format Version 12.00
# Visual Studio Version 17
VisualStudioVersion = 17.10.35013.160
MinimumVisualStudioVersion = 10.0.40219.1
Project("{FAE04EC0-301F-11D3-BF4B-00C04F79EFBC}") = "SchoolContext", "SchoolContext\SchoolContext.csproj", "{7D9B09E7-BB93-4565-9EE6-2CB2DBAE8FC0}"
EndProject
Global
	GlobalSection(SolutionConfigurationPlatforms) = preSolution
		Debug|Any CPU = Debug|Any CPU
		Release|Any CPU = Release|Any CPU
	EndGlobalSection
	GlobalSection(ProjectConfigurationPlatforms) = postSolution
		{7D9B09E7-BB93-4565-9EE6-2CB2DBAE8FC0}.Debug|Any CPU.ActiveCfg = Debug|Any CPU
		{7D9B09E7-BB93-4565-9EE6-2CB2DBAE8FC0}.Debug|Any CPU.Build.0 = Debug|Any CPU
		{7D9B09E7-BB93-4565-9EE6-2CB2DBAE8FC0}.Release|Any CPU.ActiveCfg = Release|Any CPU
		{7D9B09E7-BB93-4565-9EE6-2CB2DBAE8FC0}.Release|Any CPU.Build.0 = Release|Any CPU
	EndGlobalSection
	GlobalSection(SolutionProperties) = preSolution
		HideSolutionNode = FALSE
	EndGlobalSection
	GlobalSection(ExtensibilityGlobals) = postSolution
		SolutionGuid = {07CCD889-C006-41C8-BC17-B38466EEB6DB}
	EndGlobalSection
EndGlobal
